<?xml version="1.0" encoding="utf-8"?>
<Project ToolsVersion="4.0" xmlns="http://schemas.microsoft.com/developer/msbuild/2003">
  <ItemGroup>
    <Filter Include="Source Files">
      <UniqueIdentifier>{4FC737F1-C7A5-4376-A066-2A32D752A2FF}</UniqueIdentifier>
      <Extensions>cpp;c;cc;cxx;c++;cppm;ixx;def;odl;idl;hpj;bat;asm;asmx</Extensions>
    </Filter>
    <Filter Include="Header Files">
      <UniqueIdentifier>{93995380-89BD-4b04-88EB-625FBE52EBFB}</UniqueIdentifier>
      <Extensions>h;hh;hpp;hxx;h++;hm;inl;inc;ipp;xsd</Extensions>
    </Filter>
    <Filter Include="D2D">
      <UniqueIdentifier>{85cbe549-68ae-4a8d-b0f4-b951af9d9245}</UniqueIdentifier>
    </Filter>
    <Filter Include="D3D">
      <UniqueIdentifier>{083e14b9-4332-4d16-83c3-14a39abfdc0f}</UniqueIdentifier>
    </Filter>
    <Filter Include="Components">
      <UniqueIdentifier>{a5c3f0bc-60f9-4dd9-aac5-d3ba43d2c4a8}</UniqueIdentifier>
    </Filter>
    <Filter Include="Components\Composition">
      <UniqueIdentifier>{930b1345-8ad9-4a53-bfb7-59abc58cc56d}</UniqueIdentifier>
    </Filter>
    <Filter Include="Components\Composition\Animation">
      <UniqueIdentifier>{883d8a69-cd1b-4f11-bb90-f8ff2b9e3a8c}</UniqueIdentifier>
    </Filter>
    <Filter Include="Components\Svg">
      <UniqueIdentifier>{b6c91bed-6fd1-47cd-b6f4-65ddabf65fe5}</UniqueIdentifier>
    </Filter>
  </ItemGroup>
  <ItemGroup>
    <ClCompile Include="main.cpp">
      <Filter>Source Files</Filter>
    </ClCompile>
    <ClCompile Include="StartupTimer.cpp">
      <Filter>Source Files</Filter>
    </ClCompile>
    <ClCompile Include="MainApplicationLoadingMessageQueue.cpp">
      <Filter>Source Files</Filter>
    </ClCompile>
    <ClCompile Include="D2D1Factory.cpp">
      <Filter>D2D</Filter>
    </ClCompile>
    <ClCompile Include="WICImagingFactory.cpp">
      <Filter>D2D</Filter>
    </ClCompile>
    <ClCompile Include="Logo.cpp">
      <Filter>Components</Filter>
    </ClCompile>
    <ClCompile Include="ComponentBase.cpp">
      <Filter>Components</Filter>
    </ClCompile>
    <ClCompile Include="ColorAnimationUsingKeyFrames.cpp">
      <Filter>Components\Composition\Animation</Filter>
    </ClCompile>
    <ClCompile Include="DoubleAnimationUsingKeyFrames.cpp">
      <Filter>Components\Composition\Animation</Filter>
    </ClCompile>
    <ClCompile Include="ProgressBarComposition.cpp">
      <Filter>Components\Composition</Filter>
    </ClCompile>
    <ClCompile Include="LogoCompositionSurface.cpp">
      <Filter>Components\Composition</Filter>
    </ClCompile>
    <ClCompile Include="Background.cpp">
      <Filter>Components\Composition</Filter>
    </ClCompile>
    <ClCompile Include="Svg.cpp">
      <Filter>Components\Svg</Filter>
    </ClCompile>
  </ItemGroup>
  <ItemGroup>
    <ClInclude Include="StartupTimer.h">
      <Filter>Header Files</Filter>
    </ClInclude>
    <ClInclude Include="MainApplicationLoadingMessageQueue.h">
      <Filter>Header Files</Filter>
    </ClInclude>
    <ClInclude Include="D2D1Factory.h">
      <Filter>D2D</Filter>
    </ClInclude>
    <ClInclude Include="WICImagingFactory.h">
      <Filter>D2D</Filter>
    </ClInclude>
    <ClInclude Include="D3D11Device.hpp">
      <Filter>D3D</Filter>
    </ClInclude>
    <ClInclude Include="DXGIFactory.hpp">
      <Filter>D3D</Filter>
    </ClInclude>
    <ClInclude Include="Logo.h">
      <Filter>Components</Filter>
    </ClInclude>
    <ClInclude Include="Config.h">
      <Filter>Header Files</Filter>
    </ClInclude>
    <ClInclude Include="ComponentBase.h">
      <Filter>Components</Filter>
    </ClInclude>
    <ClInclude Include="ColorAnimationUsingKeyFrames.h">
      <Filter>Components\Composition\Animation</Filter>
    </ClInclude>
    <ClInclude Include="ColorKeyFrame.h">
      <Filter>Components\Composition\Animation</Filter>
    </ClInclude>
    <ClInclude Include="DoubleAnimationUsingKeyFrames.h">
      <Filter>Components\Composition\Animation</Filter>
    </ClInclude>
    <ClInclude Include="ScalarKeyFrame.h">
      <Filter>Components\Composition\Animation</Filter>
    </ClInclude>
    <ClInclude Include="ProgressBarComposition.h">
      <Filter>Components\Composition</Filter>
    </ClInclude>
    <ClInclude Include="LogoCompositionSurface.h">
      <Filter>Components\Composition</Filter>
    </ClInclude>
    <ClInclude Include="Background.h">
      <Filter>Components\Composition</Filter>
    </ClInclude>
    <ClInclude Include="Glyphs.h">
      <Filter>Components\Svg</Filter>
    </ClInclude>
    <ClInclude Include="Svg.h">
      <Filter>Components\Svg</Filter>
    </ClInclude>
  </ItemGroup>
  <ItemGroup>
    <None Include="vcpkg.json" />
    <None Include="packages.config" />
  </ItemGroup>
  <ItemGroup>
    <Natvis Include="$(MSBuildThisFileDirectory)..\..\natvis\wil.natvis" />
  </ItemGroup>
</Project>